
Microsoft Visual Studio Solution File, Format Version 12.00
# Visual Studio 2013
VisualStudioVersion = 12.0.21005.1
MinimumVisualStudioVersion = 10.0.40219.1
Project("{FAE04EC0-301F-11D3-BF4B-00C04F79EFBC}") = "DataParser", "DataParser\DataParser.csproj", "{CD66C6A0-CB80-498F-A25B-1D9B7F2F1C02}"
EndProject
Project("{FAE04EC0-301F-11D3-BF4B-00C04F79EFBC}") = "UnitTestProject1", "UnitTestProject1\UnitTestProject1.csproj", "{B8744425-70AA-42E9-9BB6-F98170995F60}"
EndProject
Project("{FAE04EC0-301F-11D3-BF4B-00C04F79EFBC}") = "TrueNavBar", "TrueNavBar\TrueNavBar.csproj", "{84980D29-5931-4889-AF05-20F321BECA4D}"
EndProject
Global
	GlobalSection(SolutionConfigurationPlatforms) = preSolution
		Debug|Any CPU = Debug|Any CPU
		Release|Any CPU = Release|Any CPU
	EndGlobalSection
	GlobalSection(ProjectConfigurationPlatforms) = postSolution
		{CD66C6A0-CB80-498F-A25B-1D9B7F2F1C02}.Debug|Any CPU.ActiveCfg = Debug|Any CPU
		{CD66C6A0-CB80-498F-A25B-1D9B7F2F1C02}.Debug|Any CPU.Build.0 = Debug|Any CPU
		{CD66C6A0-CB80-498F-A25B-1D9B7F2F1C02}.Release|Any CPU.ActiveCfg = Release|Any CPU
		{CD66C6A0-CB80-498F-A25B-1D9B7F2F1C02}.Release|Any CPU.Build.0 = Release|Any CPU
		{B8744425-70AA-42E9-9BB6-F98170995F60}.Debug|Any CPU.ActiveCfg = Debug|Any CPU
		{B8744425-70AA-42E9-9BB6-F98170995F60}.Debug|Any CPU.Build.0 = Debug|Any CPU
		{B8744425-70AA-42E9-9BB6-F98170995F60}.Release|Any CPU.ActiveCfg = Release|Any CPU
		{B8744425-70AA-42E9-9BB6-F98170995F60}.Release|Any CPU.Build.0 = Release|Any CPU
		{84980D29-5931-4889-AF05-20F321BECA4D}.Debug|Any CPU.ActiveCfg = Debug|Any CPU
		{84980D29-5931-4889-AF05-20F321BECA4D}.Debug|Any CPU.Build.0 = Debug|Any CPU
		{84980D29-5931-4889-AF05-20F321BECA4D}.Release|Any CPU.ActiveCfg = Release|Any CPU
		{84980D29-5931-4889-AF05-20F321BECA4D}.Release|Any CPU.Build.0 = Release|Any CPU
	EndGlobalSection
	GlobalSection(SolutionProperties) = preSolution
		HideSolutionNode = FALSE
	EndGlobalSection
EndGlobal
